
Microsoft Visual Studio Solution File, Format Version 12.00
# Visual Studio Version 17
VisualStudioVersion = 17.5.33516.290
MinimumVisualStudioVersion = 10.0.40219.1
Project("{FAE04EC0-301F-11D3-BF4B-00C04F79EFBC}") = "Core_Proje", "Core_Proje\Core_Proje.csproj", "{39FE77A7-C9DB-4FAD-ABD9-E77663D2381E}"
EndProject
Global
	GlobalSection(SolutionConfigurationPlatforms) = preSolution
		Debug|Any CPU = Debug|Any CPU
		Release|Any CPU = Release|Any CPU
	EndGlobalSection
	GlobalSection(ProjectConfigurationPlatforms) = postSolution
		{39FE77A7-C9DB-4FAD-ABD9-E77663D2381E}.Debug|Any CPU.ActiveCfg = Debug|Any CPU
		{39FE77A7-C9DB-4FAD-ABD9-E77663D2381E}.Debug|Any CPU.Build.0 = Debug|Any CPU
		{39FE77A7-C9DB-4FAD-ABD9-E77663D2381E}.Release|Any CPU.ActiveCfg = Release|Any CPU
		{39FE77A7-C9DB-4FAD-ABD9-E77663D2381E}.Release|Any CPU.Build.0 = Release|Any CPU
	EndGlobalSection
	GlobalSection(SolutionProperties) = preSolution
		HideSolutionNode = FALSE
	EndGlobalSection
	GlobalSection(ExtensibilityGlobals) = postSolution
		SolutionGuid = {7809A3A3-1710-4165-B581-DB6F6FFBB41C}
	EndGlobalSection
EndGlobal
